
Microsoft Visual Studio Solution File, Format Version 12.00
# Visual Studio Version 17
VisualStudioVersion = 17.14.37216.2 d17.14
MinimumVisualStudioVersion = 10.0.40219.1
Project("{FAE04EC0-301F-11D3-BF4B-00C04F79EFBC}") = "week4 - C# Homework", "week4 - C# Homework\week4 - C# Homework.csproj", "{1BD04B9C-6F54-43D9-B60A-B6BAB38C7174}"
EndProject
Global
	GlobalSection(SolutionConfigurationPlatforms) = preSolution
		Debug|Any CPU = Debug|Any CPU
		Release|Any CPU = Release|Any CPU
	EndGlobalSection
	GlobalSection(ProjectConfigurationPlatforms) = postSolution
		{1BD04B9C-6F54-43D9-B60A-B6BAB38C7174}.Debug|Any CPU.ActiveCfg = Debug|Any CPU
		{1BD04B9C-6F54-43D9-B60A-B6BAB38C7174}.Debug|Any CPU.Build.0 = Debug|Any CPU
		{1BD04B9C-6F54-43D9-B60A-B6BAB38C7174}.Release|Any CPU.ActiveCfg = Release|Any CPU
		{1BD04B9C-6F54-43D9-B60A-B6BAB38C7174}.Release|Any CPU.Build.0 = Release|Any CPU
	EndGlobalSection
	GlobalSection(SolutionProperties) = preSolution
		HideSolutionNode = FALSE
	EndGlobalSection
	GlobalSection(ExtensibilityGlobals) = postSolution
		SolutionGuid = {E29C1E22-DA3C-4711-A68F-3566391D5219}
	EndGlobalSection
EndGlobal
